{
  "name": "repo-ai-llm-architecture-governance-copilot",
  "lockfileVersion": 3,
  "requires": true,
  "packages": {
    "": {
      "dependencies": {
        "@azure/msal-browser": "^5.6.3",
        "@azure/msal-react": "^5.2.1"
      }
    },
    "node_modules/@azure/msal-browser": {
      "version": "5.6.3",
      "resolved": "https://registry.npmjs.org/@azure/msal-browser/-/msal-browser-5.6.3.tgz",
      "integrity": "sha512-sTjMtUm+bJpENU/1WlRzHEsgEHppZDZ1EtNyaOODg/sQBtMxxJzGB+MOCM+T2Q5Qe1fKBrdxUmjyRxm0r7Ez9w==",
      "license": "MIT",
      "dependencies": {
        "@azure/msal-common": "16.4.1"
      },
      "engines": {
        "node": ">=0.8.0"
      }
    },
    "node_modules/@azure/msal-common": {
      "version": "16.4.1",
      "resolved": "https://registry.npmjs.org/@azure/msal-common/-/msal-common-16.4.1.tgz",
      "integrity": "sha512-Bl8f+w37xkXsYh7QRkAKCFGYtWMYuOVO7Lv+BxILrvGz3HbIEF22Pt0ugyj0QPOl6NLrHcnNUQ9yeew98P/5iw==",
      "license": "MIT",
      "engines": {
        "node": ">=0.8.0"
      }
    },
    "node_modules/@azure/msal-react": {
      "version": "5.2.1",
      "resolved": "https://registry.npmjs.org/@azure/msal-react/-/msal-react-5.2.1.tgz",
      "integrity": "sha512-xKbL448QpoPsjU2CSC9Zb19HA3ARlhuolbonaIURxAgfinyq0sIEZzWfZ2sV9T/NUt2GmuYwk0QGZbl+CWBsyQ==",
      "license": "MIT",
      "engines": {
        "node": ">=20"
      },
      "peerDependencies": {
        "@azure/msal-browser": "^5.6.3",
        "react": "^16.8.0 || ^17 || ^18 || ^19.2.1"
      }
    },
    "node_modules/react": {
      "version": "19.2.4",
      "resolved": "https://registry.npmjs.org/react/-/react-19.2.4.tgz",
      "integrity": "sha512-9nfp2hYpCwOjAN+8TZFGhtWEwgvWHXqESH8qT89AT/lWklpLON22Lc8pEtnpsZz7VmawabSU0gCjnj8aC0euHQ==",
      "license": "MIT",
      "peer": true,
      "engines": {
        "node": ">=0.10.0"
      }
    }
  }
}
